<Solution>
  <Project Path="services/Identity/Identity.Api/Identity.Api.csproj" Id="a85fbcf0-b73f-43c9-ac68-546383437814" />
  <Project Path="services/Identity/Identity.Application/Identity.Application.csproj" Id="817a354e-a24f-475b-8bf8-9e1f7c4cccd5" />
  <Project Path="services/Identity/Identity.Contracts/Identity.Contracts.csproj" Id="b24498ae-9050-4601-a34a-c039a4417c91" />
  <Project Path="services/Identity/Identity.Domain/Identity.Domain.csproj" Id="84cbe93a-981b-49ca-968a-1340973a8c85" />
  <Project Path="services/Identity/Identity.Infrastructure/Identity.Infrastructure.csproj" Id="48345432-6a4c-4a25-b9f3-ed5a46972888" />
  <Project Path="shared/Bondy.Contracts/Bondy.Contracts.csproj" />
  <Project Path="shared/Bondy.ServiceDefaults/Bondy.ServiceDefaults.csproj" />
  <Project Path="shared/Bondy.SharedKernel/Bondy.SharedKernel.csproj" />
</Solution>
